<?xml version="1.0" encoding="utf-8"?>
<Project ToolsVersion="4.0" xmlns="http://schemas.microsoft.com/developer/msbuild/2003">
  <ItemGroup>
    <Filter Include="Source Files">
      <UniqueIdentifier>{9d633833-28d3-424c-ad1a-d9d561fa786d}</UniqueIdentifier>
      <Extensions>cpp;c;cxx;rc;def;r;odl;idl;hpj;bat</Extensions>
    </Filter>
    <Filter Include="Header Files">
      <UniqueIdentifier>{de632545-dc1f-4d59-8946-49a9ad153afb}</UniqueIdentifier>
      <Extensions>h;hpp;hxx;hm;inl</Extensions>
    </Filter>
    <Filter Include="Resource Files">
      <UniqueIdentifier>{655eae9d-0046-4282-9db5-9a47415708f1}</UniqueIdentifier>
      <Extensions>ico;cur;bmp;dlg;rc2;rct;bin;rgs;gif;jpg;jpeg;jpe</Extensions>
    </Filter>
  </ItemGroup>
  <ItemGroup>
    <ClCompile Include="Main.cpp">
      <Filter>Source Files</Filter>
    </ClCompile>
    <ClCompile Include="..\_binding\simplebinder\v2link.cpp">
      <Filter>Source Files</Filter>
    </ClCompile>
    <ClCompile Include="..\_binding\tp_stub.cpp">
      <Filter>Source Files</Filter>
    </ClCompile>
  </ItemGroup>
  <ItemGroup>
    <ClInclude Include="..\_binding\tp_stub.h">
      <Filter>Header Files</Filter>
    </ClInclude>
    <ClInclude Include="..\_binding\simplebinder\simplebinder.hpp">
      <Filter>Header Files</Filter>
    </ClInclude>
    <ClInclude Include="Writer.hpp">
      <Filter>Header Files</Filter>
    </ClInclude>
  </ItemGroup>
</Project>